
Microsoft Visual Studio Solution File, Format Version 12.00
# Visual Studio Version 16
VisualStudioVersion = 16.0.810.7
MinimumVisualStudioVersion = 10.0.40219.1
Project("{FAE04EC0-301F-11D3-BF4B-00C04F79EFBC}") = "ToDoApp", "ToDoApp\ToDoApp.csproj", "{DFCA9ECC-EBEC-41D8-8E69-5C2710280C93}"
EndProject
Global
	GlobalSection(SolutionConfigurationPlatforms) = preSolution
		Debug|Any CPU = Debug|Any CPU
		Release|Any CPU = Release|Any CPU
	EndGlobalSection
	GlobalSection(ProjectConfigurationPlatforms) = postSolution
		{DFCA9ECC-EBEC-41D8-8E69-5C2710280C93}.Debug|Any CPU.ActiveCfg = Debug|Any CPU
		{DFCA9ECC-EBEC-41D8-8E69-5C2710280C93}.Debug|Any CPU.Build.0 = Debug|Any CPU
		{DFCA9ECC-EBEC-41D8-8E69-5C2710280C93}.Release|Any CPU.ActiveCfg = Release|Any CPU
		{DFCA9ECC-EBEC-41D8-8E69-5C2710280C93}.Release|Any CPU.Build.0 = Release|Any CPU
	EndGlobalSection
	GlobalSection(SolutionProperties) = preSolution
		HideSolutionNode = FALSE
	EndGlobalSection
	GlobalSection(ExtensibilityGlobals) = postSolution
		SolutionGuid = {35AAB88B-8350-450D-B1CB-900248BD128A}
	EndGlobalSection
EndGlobal
